
Microsoft Visual Studio Solution File, Format Version 12.00
# Visual Studio Version 17
VisualStudioVersion = 17.3.32929.385
MinimumVisualStudioVersion = 10.0.40219.1
Project("{FAE04EC0-301F-11D3-BF4B-00C04F79EFBC}") = "Gruppenseminar2425", "Gruppenseminar2425.csproj", "{BBAAE1F7-C1C3-4D4B-8F9F-1F53D108C825}"
EndProject
Global
	GlobalSection(SolutionConfigurationPlatforms) = preSolution
		Debug|Any CPU = Debug|Any CPU
		Release|Any CPU = Release|Any CPU
	EndGlobalSection
	GlobalSection(ProjectConfigurationPlatforms) = postSolution
		{BBAAE1F7-C1C3-4D4B-8F9F-1F53D108C825}.Debug|Any CPU.ActiveCfg = Debug|Any CPU
		{BBAAE1F7-C1C3-4D4B-8F9F-1F53D108C825}.Debug|Any CPU.Build.0 = Debug|Any CPU
		{BBAAE1F7-C1C3-4D4B-8F9F-1F53D108C825}.Release|Any CPU.ActiveCfg = Release|Any CPU
		{BBAAE1F7-C1C3-4D4B-8F9F-1F53D108C825}.Release|Any CPU.Build.0 = Release|Any CPU
	EndGlobalSection
	GlobalSection(SolutionProperties) = preSolution
		HideSolutionNode = FALSE
	EndGlobalSection
	GlobalSection(ExtensibilityGlobals) = postSolution
		SolutionGuid = {E192AC4D-EAF0-45F0-AD06-6893585519D5}
	EndGlobalSection
EndGlobal
